// !$*UTF8*$!
{
	archiveVersion = 1;
	classes = {
	};
	objectVersion = 51;
	objects = {

/* Begin PBXBuildFile section */
		7AF677DA22DAC30E00F3B699 /* AppDelegate.swift in Sources */ = {isa = PBXBuildFile; fileRef = 7AF677D922DAC30E00F3B699 /* AppDelegate.swift */; };
		7AF677DF22DAC30E00F3B699 /* Main.storyboard in Resources */ = {isa = PBXBuildFile; fileRef = 7AF677DD22DAC30E00F3B699 /* Main.storyboard */; };
		7AF677E122DAC30F00F3B699 /* Assets.xcassets in Resources */ = {isa = PBXBuildFile; fileRef = 7AF677E022DAC30F00F3B699 /* Assets.xcassets */; };
		7AF677E422DAC30F00F3B699 /* LaunchScreen.storyboard in Resources */ = {isa = PBXBuildFile; fileRef = 7AF677E222DAC30F00F3B699 /* LaunchScreen.storyboard */; };
		7AF677ED22DAC3F900F3B699 /* TagTableViewCell.swift in Sources */ = {isa = PBXBuildFile; fileRef = 7AF677EB22DAC3F900F3B699 /* TagTableViewCell.swift */; };
		7AF677EE22DAC3F900F3B699 /* TagTableViewCell.xib in Resources */ = {isa = PBXBuildFile; fileRef = 7AF677EC22DAC3F900F3B699 /* TagTableViewCell.xib */; };
		7AF677F122DAC40B00F3B699 /* PostTableViewCell.swift in Sources */ = {isa = PBXBuildFile; fileRef = 7AF677EF22DAC40B00F3B699 /* PostTableViewCell.swift */; };
		7AF677F222DAC40B00F3B699 /* PostTableViewCell.xib in Resources */ = {isa = PBXBuildFile; fileRef = 7AF677F022DAC40B00F3B699 /* PostTableViewCell.xib */; };
		7AF677F522DAC42800F3B699 /* UserTableViewCell.swift in Sources */ = {isa = PBXBuildFile; fileRef = 7AF677F322DAC42800F3B699 /* UserTableViewCell.swift */; };
		7AF677F622DAC42800F3B699 /* UserTableViewCell.xib in Resources */ = {isa = PBXBuildFile; fileRef = 7AF677F422DAC42800F3B699 /* UserTableViewCell.xib */; };
		7AF677F822DAC5C600F3B699 /* TagViewController.swift in Sources */ = {isa = PBXBuildFile; fileRef = 7AF677F722DAC5C600F3B699 /* TagViewController.swift */; };
		7AF677FA22DAC5DB00F3B699 /* PostViewController.swift in Sources */ = {isa = PBXBuildFile; fileRef = 7AF677F922DAC5DB00F3B699 /* PostViewController.swift */; };
		7AF677FC22DAC5EE00F3B699 /* UserViewController.swift in Sources */ = {isa = PBXBuildFile; fileRef = 7AF677FB22DAC5EE00F3B699 /* UserViewController.swift */; };
		7AF6780122DAEC9900F3B699 /* Post.swift in Sources */ = {isa = PBXBuildFile; fileRef = 7AF6780022DAEC9900F3B699 /* Post.swift */; };
		7AF6780322DAED1700F3B699 /* User.swift in Sources */ = {isa = PBXBuildFile; fileRef = 7AF6780222DAED1700F3B699 /* User.swift */; };
		7AF6780522DAF33900F3B699 /* Tag.swift in Sources */ = {isa = PBXBuildFile; fileRef = 7AF6780422DAF33900F3B699 /* Tag.swift */; };
		7AF6781022E016F600F3B699 /* RootTabBarController.swift in Sources */ = {isa = PBXBuildFile; fileRef = 7AF6780F22E016F600F3B699 /* RootTabBarController.swift */; };
		7AF6781222E0180700F3B699 /* Login.storyboard in Resources */ = {isa = PBXBuildFile; fileRef = 7AF6781122E0180700F3B699 /* Login.storyboard */; };
		7AF6781422E01A6900F3B699 /* LoginViewController.swift in Sources */ = {isa = PBXBuildFile; fileRef = 7AF6781322E01A6900F3B699 /* LoginViewController.swift */; };
		7AF6781622E01A7E00F3B699 /* SignUpViewController.swift in Sources */ = {isa = PBXBuildFile; fileRef = 7AF6781522E01A7E00F3B699 /* SignUpViewController.swift */; };
		7AF6781822E01CCC00F3B699 /* SegueManager.swift in Sources */ = {isa = PBXBuildFile; fileRef = 7AF6781722E01CCC00F3B699 /* SegueManager.swift */; };
		7AF6781A22E026FB00F3B699 /* AddPostViewController.swift in Sources */ = {isa = PBXBuildFile; fileRef = 7AF6781922E026FB00F3B699 /* AddPostViewController.swift */; };
		BD2E63555FD9DFF4683461B3 /* Pods_BoardSample.framework in Frameworks */ = {isa = PBXBuildFile; fileRef = 5B7EBE7C99FC0DB5E5A0ECFE /* Pods_BoardSample.framework */; };
/* End PBXBuildFile section */

/* Begin PBXFileReference section */
		5B7EBE7C99FC0DB5E5A0ECFE /* Pods_BoardSample.framework */ = {isa = PBXFileReference; explicitFileType = wrapper.framework; includeInIndex = 0; path = Pods_BoardSample.framework; sourceTree = BUILT_PRODUCTS_DIR; };
		7AF677D622DAC30E00F3B699 /* BoardSample.app */ = {isa = PBXFileReference; explicitFileType = wrapper.application; includeInIndex = 0; path = BoardSample.app; sourceTree = BUILT_PRODUCTS_DIR; };
		7AF677D922DAC30E00F3B699 /* AppDelegate.swift */ = {isa = PBXFileReference; lastKnownFileType = sourcecode.swift; path = AppDelegate.swift; sourceTree = "<group>"; };
		7AF677DE22DAC30E00F3B699 /* Base */ = {isa = PBXFileReference; lastKnownFileType = file.storyboard; name = Base; path = Base.lproj/Main.storyboard; sourceTree = "<group>"; };
		7AF677E022DAC30F00F3B699 /* Assets.xcassets */ = {isa = PBXFileReference; lastKnownFileType = folder.assetcatalog; path = Assets.xcassets; sourceTree = "<group>"; };
		7AF677E322DAC30F00F3B699 /* Base */ = {isa = PBXFileReference; lastKnownFileType = file.storyboard; name = Base; path = Base.lproj/LaunchScreen.storyboard; sourceTree = "<group>"; };
		7AF677E522DAC30F00F3B699 /* Info.plist */ = {isa = PBXFileReference; lastKnownFileType = text.plist.xml; path = Info.plist; sourceTree = "<group>"; };
		7AF677EB22DAC3F900F3B699 /* TagTableViewCell.swift */ = {isa = PBXFileReference; lastKnownFileType = sourcecode.swift; path = TagTableViewCell.swift; sourceTree = "<group>"; };
		7AF677EC22DAC3F900F3B699 /* TagTableViewCell.xib */ = {isa = PBXFileReference; lastKnownFileType = file.xib; path = TagTableViewCell.xib; sourceTree = "<group>"; };
		7AF677EF22DAC40B00F3B699 /* PostTableViewCell.swift */ = {isa = PBXFileReference; lastKnownFileType = sourcecode.swift; path = PostTableViewCell.swift; sourceTree = "<group>"; };
		7AF677F022DAC40B00F3B699 /* PostTableViewCell.xib */ = {isa = PBXFileReference; lastKnownFileType = file.xib; path = PostTableViewCell.xib; sourceTree = "<group>"; };
		7AF677F322DAC42800F3B699 /* UserTableViewCell.swift */ = {isa = PBXFileReference; lastKnownFileType = sourcecode.swift; path = UserTableViewCell.swift; sourceTree = "<group>"; };
		7AF677F422DAC42800F3B699 /* UserTableViewCell.xib */ = {isa = PBXFileReference; lastKnownFileType = file.xib; path = UserTableViewCell.xib; sourceTree = "<group>"; };
		7AF677F722DAC5C600F3B699 /* TagViewController.swift */ = {isa = PBXFileReference; lastKnownFileType = sourcecode.swift; path = TagViewController.swift; sourceTree = "<group>"; };
		7AF677F922DAC5DB00F3B699 /* PostViewController.swift */ = {isa = PBXFileReference; lastKnownFileType = sourcecode.swift; path = PostViewController.swift; sourceTree = "<group>"; };
		7AF677FB22DAC5EE00F3B699 /* UserViewController.swift */ = {isa = PBXFileReference; lastKnownFileType = sourcecode.swift; path = UserViewController.swift; sourceTree = "<group>"; };
		7AF6780022DAEC9900F3B699 /* Post.swift */ = {isa = PBXFileReference; lastKnownFileType = sourcecode.swift; path = Post.swift; sourceTree = "<group>"; };
		7AF6780222DAED1700F3B699 /* User.swift */ = {isa = PBXFileReference; lastKnownFileType = sourcecode.swift; path = User.swift; sourceTree = "<group>"; };
		7AF6780422DAF33900F3B699 /* Tag.swift */ = {isa = PBXFileReference; lastKnownFileType = sourcecode.swift; path = Tag.swift; sourceTree = "<group>"; };
		7AF6780F22E016F600F3B699 /* RootTabBarController.swift */ = {isa = PBXFileReference; lastKnownFileType = sourcecode.swift; path = RootTabBarController.swift; sourceTree = "<group>"; };
		7AF6781122E0180700F3B699 /* Login.storyboard */ = {isa = PBXFileReference; lastKnownFileType = file.storyboard; path = Login.storyboard; sourceTree = "<group>"; };
		7AF6781322E01A6900F3B699 /* LoginViewController.swift */ = {isa = PBXFileReference; lastKnownFileType = sourcecode.swift; path = LoginViewController.swift; sourceTree = "<group>"; };
		7AF6781522E01A7E00F3B699 /* SignUpViewController.swift */ = {isa = PBXFileReference; lastKnownFileType = sourcecode.swift; path = SignUpViewController.swift; sourceTree = "<group>"; };
		7AF6781722E01CCC00F3B699 /* SegueManager.swift */ = {isa = PBXFileReference; lastKnownFileType = sourcecode.swift; path = SegueManager.swift; sourceTree = "<group>"; };
		7AF6781922E026FB00F3B699 /* AddPostViewController.swift */ = {isa = PBXFileReference; lastKnownFileType = sourcecode.swift; path = AddPostViewController.swift; sourceTree = "<group>"; };
		E7A0F6709AC9F82AA7912C14 /* Pods-BoardSample.debug.xcconfig */ = {isa = PBXFileReference; includeInIndex = 1; lastKnownFileType = text.xcconfig; name = "Pods-BoardSample.debug.xcconfig"; path = "Target Support Files/Pods-BoardSample/Pods-BoardSample.debug.xcconfig"; sourceTree = "<group>"; };
		FAD450A319AA672FE024E207 /* Pods-BoardSample.release.xcconfig */ = {isa = PBXFileReference; includeInIndex = 1; lastKnownFileType = text.xcconfig; name = "Pods-BoardSample.release.xcconfig"; path = "Target Support Files/Pods-BoardSample/Pods-BoardSample.release.xcconfig"; sourceTree = "<group>"; };
/* End PBXFileReference section */

/* Begin PBXFrameworksBuildPhase section */
		7AF677D322DAC30E00F3B699 /* Frameworks */ = {
			isa = PBXFrameworksBuildPhase;
			buildActionMask = 2147483647;
			files = (
				BD2E63555FD9DFF4683461B3 /* Pods_BoardSample.framework in Frameworks */,
			);
			runOnlyForDeploymentPostprocessing = 0;
		};
/* End PBXFrameworksBuildPhase section */

/* Begin PBXGroup section */
		7196462E1AF57611D28FA06C /* Frameworks */ = {
			isa = PBXGroup;
			children = (
				5B7EBE7C99FC0DB5E5A0ECFE /* Pods_BoardSample.framework */,
			);
			name = Frameworks;
			sourceTree = "<group>";
		};
		776103C1D4B76B0E03FEF1FA /* Pods */ = {
			isa = PBXGroup;
			children = (
				E7A0F6709AC9F82AA7912C14 /* Pods-BoardSample.debug.xcconfig */,
				FAD450A319AA672FE024E207 /* Pods-BoardSample.release.xcconfig */,
			);
			path = Pods;
			sourceTree = "<group>";
		};
		7AF677CD22DAC30E00F3B699 = {
			isa = PBXGroup;
			children = (
				7AF677D822DAC30E00F3B699 /* BoardSample */,
				7AF677D722DAC30E00F3B699 /* Products */,
				776103C1D4B76B0E03FEF1FA /* Pods */,
				7196462E1AF57611D28FA06C /* Frameworks */,
			);
			sourceTree = "<group>";
		};
		7AF677D722DAC30E00F3B699 /* Products */ = {
			isa = PBXGroup;
			children = (
				7AF677D622DAC30E00F3B699 /* BoardSample.app */,
			);
			name = Products;
			sourceTree = "<group>";
		};
		7AF677D822DAC30E00F3B699 /* BoardSample */ = {
			isa = PBXGroup;
			children = (
				7AF677D922DAC30E00F3B699 /* AppDelegate.swift */,
				7AF6780F22E016F600F3B699 /* RootTabBarController.swift */,
				7AF6781722E01CCC00F3B699 /* SegueManager.swift */,
				7AF6781C22E16BA600F3B699 /* Views */,
				7AF6780E22E00FCD00F3B699 /* Models */,
				7AF6780D22E00FC000F3B699 /* Login */,
				7AF677FD22DAC5F500F3B699 /* Tag */,
				7AF677FE22DAC5FD00F3B699 /* Post */,
				7AF677FF22DAC60600F3B699 /* User */,
				7AF677DD22DAC30E00F3B699 /* Main.storyboard */,
				7AF677E022DAC30F00F3B699 /* Assets.xcassets */,
				7AF677E222DAC30F00F3B699 /* LaunchScreen.storyboard */,
				7AF677E522DAC30F00F3B699 /* Info.plist */,
			);
			path = BoardSample;
			sourceTree = "<group>";
		};
		7AF677FD22DAC5F500F3B699 /* Tag */ = {
			isa = PBXGroup;
			children = (
				7AF677F722DAC5C600F3B699 /* TagViewController.swift */,
				7AF677EB22DAC3F900F3B699 /* TagTableViewCell.swift */,
				7AF677EC22DAC3F900F3B699 /* TagTableViewCell.xib */,
			);
			path = Tag;
			sourceTree = "<group>";
		};
		7AF677FE22DAC5FD00F3B699 /* Post */ = {
			isa = PBXGroup;
			children = (
				7AF677F922DAC5DB00F3B699 /* PostViewController.swift */,
				7AF677EF22DAC40B00F3B699 /* PostTableViewCell.swift */,
				7AF677F022DAC40B00F3B699 /* PostTableViewCell.xib */,
				7AF6781922E026FB00F3B699 /* AddPostViewController.swift */,
			);
			path = Post;
			sourceTree = "<group>";
		};
		7AF677FF22DAC60600F3B699 /* User */ = {
			isa = PBXGroup;
			children = (
				7AF677FB22DAC5EE00F3B699 /* UserViewController.swift */,
				7AF677F322DAC42800F3B699 /* UserTableViewCell.swift */,
				7AF677F422DAC42800F3B699 /* UserTableViewCell.xib */,
			);
			path = User;
			sourceTree = "<group>";
		};
		7AF6780D22E00FC000F3B699 /* Login */ = {
			isa = PBXGroup;
			children = (
				7AF6781122E0180700F3B699 /* Login.storyboard */,
				7AF6781322E01A6900F3B699 /* LoginViewController.swift */,
				7AF6781522E01A7E00F3B699 /* SignUpViewController.swift */,
			);
			path = Login;
			sourceTree = "<group>";
		};
		7AF6780E22E00FCD00F3B699 /* Models */ = {
			isa = PBXGroup;
			children = (
				7AF6780422DAF33900F3B699 /* Tag.swift */,
				7AF6780022DAEC9900F3B699 /* Post.swift */,
				7AF6780222DAED1700F3B699 /* User.swift */,
			);
			path = Models;
			sourceTree = "<group>";
		};
		7AF6781C22E16BA600F3B699 /* Views */ = {
			isa = PBXGroup;
			children = (
			);
			path = Views;
			sourceTree = "<group>";
		};
/* End PBXGroup section */

/* Begin PBXNativeTarget section */
		7AF677D522DAC30E00F3B699 /* BoardSample */ = {
			isa = PBXNativeTarget;
			buildConfigurationList = 7AF677E822DAC30F00F3B699 /* Build configuration list for PBXNativeTarget "BoardSample" */;
			buildPhases = (
				59759B6CE064F880DE9DF982 /* [CP] Check Pods Manifest.lock */,
				7AF677D222DAC30E00F3B699 /* Sources */,
				7AF677D322DAC30E00F3B699 /* Frameworks */,
				7AF677D422DAC30E00F3B699 /* Resources */,
				95013DD4BDEB7FF677072A36 /* [CP] Embed Pods Frameworks */,
			);
			buildRules = (
			);
			dependencies = (
			);
			name = BoardSample;
			productName = BoardSample;
			productReference = 7AF677D622DAC30E00F3B699 /* BoardSample.app */;
			productType = "com.apple.product-type.application";
		};
/* End PBXNativeTarget section */

/* Begin PBXProject section */
		7AF677CE22DAC30E00F3B699 /* Project object */ = {
			isa = PBXProject;
			attributes = {
				LastSwiftUpdateCheck = 1020;
				LastUpgradeCheck = 1020;
				ORGANIZATIONNAME = "Ylab Inc.";
				TargetAttributes = {
					7AF677D522DAC30E00F3B699 = {
						CreatedOnToolsVersion = 10.2.1;
					};
				};
			};
			buildConfigurationList = 7AF677D122DAC30E00F3B699 /* Build configuration list for PBXProject "BoardSample" */;
			compatibilityVersion = "Xcode 9.3";
			developmentRegion = en;
			hasScannedForEncodings = 0;
			knownRegions = (
				en,
				Base,
			);
			mainGroup = 7AF677CD22DAC30E00F3B699;
			productRefGroup = 7AF677D722DAC30E00F3B699 /* Products */;
			projectDirPath = "";
			projectRoot = "";
			targets = (
				7AF677D522DAC30E00F3B699 /* BoardSample */,
			);
		};
/* End PBXProject section */

/* Begin PBXResourcesBuildPhase section */
		7AF677D422DAC30E00F3B699 /* Resources */ = {
			isa = PBXResourcesBuildPhase;
			buildActionMask = 2147483647;
			files = (
				7AF677EE22DAC3F900F3B699 /* TagTableViewCell.xib in Resources */,
				7AF677F222DAC40B00F3B699 /* PostTableViewCell.xib in Resources */,
				7AF6781222E0180700F3B699 /* Login.storyboard in Resources */,
				7AF677E422DAC30F00F3B699 /* LaunchScreen.storyboard in Resources */,
				7AF677E122DAC30F00F3B699 /* Assets.xcassets in Resources */,
				7AF677F622DAC42800F3B699 /* UserTableViewCell.xib in Resources */,
				7AF677DF22DAC30E00F3B699 /* Main.storyboard in Resources */,
			);
			runOnlyForDeploymentPostprocessing = 0;
		};
/* End PBXResourcesBuildPhase section */

/* Begin PBXShellScriptBuildPhase section */
		59759B6CE064F880DE9DF982 /* [CP] Check Pods Manifest.lock */ = {
			isa = PBXShellScriptBuildPhase;
			buildActionMask = 2147483647;
			files = (
			);
			inputFileListPaths = (
			);
			inputPaths = (
				"${PODS_PODFILE_DIR_PATH}/Podfile.lock",
				"${PODS_ROOT}/Manifest.lock",
			);
			name = "[CP] Check Pods Manifest.lock";
			outputFileListPaths = (
			);
			outputPaths = (
				"$(DERIVED_FILE_DIR)/Pods-BoardSample-checkManifestLockResult.txt",
			);
			runOnlyForDeploymentPostprocessing = 0;
			shellPath = /bin/sh;
			shellScript = "diff \"${PODS_PODFILE_DIR_PATH}/Podfile.lock\" \"${PODS_ROOT}/Manifest.lock\" > /dev/null\nif [ $? != 0 ] ; then\n    # print error to STDERR\n    echo \"error: The sandbox is not in sync with the Podfile.lock. Run 'pod install' or update your CocoaPods installation.\" >&2\n    exit 1\nfi\n# This output is used by Xcode 'outputs' to avoid re-running this script phase.\necho \"SUCCESS\" > \"${SCRIPT_OUTPUT_FILE_0}\"\n";
			showEnvVarsInLog = 0;
		};
		95013DD4BDEB7FF677072A36 /* [CP] Embed Pods Frameworks */ = {
			isa = PBXShellScriptBuildPhase;
			buildActionMask = 2147483647;
			files = (
			);
			inputFileListPaths = (
				"${PODS_ROOT}/Target Support Files/Pods-BoardSample/Pods-BoardSample-frameworks-${CONFIGURATION}-input-files.xcfilelist",
			);
			name = "[CP] Embed Pods Frameworks";
			outputFileListPaths = (
				"${PODS_ROOT}/Target Support Files/Pods-BoardSample/Pods-BoardSample-frameworks-${CONFIGURATION}-output-files.xcfilelist",
			);
			runOnlyForDeploymentPostprocessing = 0;
			shellPath = /bin/sh;
			shellScript = "\"${PODS_ROOT}/Target Support Files/Pods-BoardSample/Pods-BoardSample-frameworks.sh\"\n";
			showEnvVarsInLog = 0;
		};
/* End PBXShellScriptBuildPhase section */

/* Begin PBXSourcesBuildPhase section */
		7AF677D222DAC30E00F3B699 /* Sources */ = {
			isa = PBXSourcesBuildPhase;
			buildActionMask = 2147483647;
			files = (
				7AF6781422E01A6900F3B699 /* LoginViewController.swift in Sources */,
				7AF6781A22E026FB00F3B699 /* AddPostViewController.swift in Sources */,
				7AF677FC22DAC5EE00F3B699 /* UserViewController.swift in Sources */,
				7AF677FA22DAC5DB00F3B699 /* PostViewController.swift in Sources */,
				7AF6780522DAF33900F3B699 /* Tag.swift in Sources */,
				7AF677DA22DAC30E00F3B699 /* AppDelegate.swift in Sources */,
				7AF6780122DAEC9900F3B699 /* Post.swift in Sources */,
				7AF677ED22DAC3F900F3B699 /* TagTableViewCell.swift in Sources */,
				7AF6780322DAED1700F3B699 /* User.swift in Sources */,
				7AF677F822DAC5C600F3B699 /* TagViewController.swift in Sources */,
				7AF6781822E01CCC00F3B699 /* SegueManager.swift in Sources */,
				7AF677F122DAC40B00F3B699 /* PostTableViewCell.swift in Sources */,
				7AF677F522DAC42800F3B699 /* UserTableViewCell.swift in Sources */,
				7AF6781622E01A7E00F3B699 /* SignUpViewController.swift in Sources */,
				7AF6781022E016F600F3B699 /* RootTabBarController.swift in Sources */,
			);
			runOnlyForDeploymentPostprocessing = 0;
		};
/* End PBXSourcesBuildPhase section */

/* Begin PBXVariantGroup section */
		7AF677DD22DAC30E00F3B699 /* Main.storyboard */ = {
			isa = PBXVariantGroup;
			children = (
				7AF677DE22DAC30E00F3B699 /* Base */,
			);
			name = Main.storyboard;
			sourceTree = "<group>";
		};
		7AF677E222DAC30F00F3B699 /* LaunchScreen.storyboard */ = {
			isa = PBXVariantGroup;
			children = (
				7AF677E322DAC30F00F3B699 /* Base */,
			);
			name = LaunchScreen.storyboard;
			sourceTree = "<group>";
		};
/* End PBXVariantGroup section */

/* Begin XCBuildConfiguration section */
		7AF677E622DAC30F00F3B699 /* Debug */ = {
			isa = XCBuildConfiguration;
			buildSettings = {
				ALWAYS_SEARCH_USER_PATHS = NO;
				CLANG_ANALYZER_NONNULL = YES;
				CLANG_ANALYZER_NUMBER_OBJECT_CONVERSION = YES_AGGRESSIVE;
				CLANG_CXX_LANGUAGE_STANDARD = "gnu++14";
				CLANG_CXX_LIBRARY = "libc++";
				CLANG_ENABLE_MODULES = YES;
				CLANG_ENABLE_OBJC_ARC = YES;
				CLANG_ENABLE_OBJC_WEAK = YES;
				CLANG_WARN_BLOCK_CAPTURE_AUTORELEASING = YES;
				CLANG_WARN_BOOL_CONVERSION = YES;
				CLANG_WARN_COMMA = YES;
				CLANG_WARN_CONSTANT_CONVERSION = YES;
				CLANG_WARN_DEPRECATED_OBJC_IMPLEMENTATIONS = YES;
				CLANG_WARN_DIRECT_OBJC_ISA_USAGE = YES_ERROR;
				CLANG_WARN_DOCUMENTATION_COMMENTS = YES;
				CLANG_WARN_EMPTY_BODY = YES;
				CLANG_WARN_ENUM_CONVERSION = YES;
				CLANG_WARN_INFINITE_RECURSION = YES;
				CLANG_WARN_INT_CONVERSION = YES;
				CLANG_WARN_NON_LITERAL_NULL_CONVERSION = YES;
				CLANG_WARN_OBJC_IMPLICIT_RETAIN_SELF = YES;
				CLANG_WARN_OBJC_LITERAL_CONVERSION = YES;
				CLANG_WARN_OBJC_ROOT_CLASS = YES_ERROR;
				CLANG_WARN_RANGE_LOOP_ANALYSIS = YES;
				CLANG_WARN_STRICT_PROTOTYPES = YES;
				CLANG_WARN_SUSPICIOUS_MOVE = YES;
				CLANG_WARN_UNGUARDED_AVAILABILITY = YES_AGGRESSIVE;
				CLANG_WARN_UNREACHABLE_CODE = YES;
				CLANG_WARN__DUPLICATE_METHOD_MATCH = YES;
				CODE_SIGN_IDENTITY = "iPhone Developer";
				COPY_PHASE_STRIP = NO;
				DEBUG_INFORMATION_FORMAT = dwarf;
				ENABLE_STRICT_OBJC_MSGSEND = YES;
				ENABLE_TESTABILITY = YES;
				GCC_C_LANGUAGE_STANDARD = gnu11;
				GCC_DYNAMIC_NO_PIC = NO;
				GCC_NO_COMMON_BLOCKS = YES;
				GCC_OPTIMIZATION_LEVEL = 0;
				GCC_PREPROCESSOR_DEFINITIONS = (
					"DEBUG=1",
					"$(inherited)",
				);
				GCC_WARN_64_TO_32_BIT_CONVERSION = YES;
				GCC_WARN_ABOUT_RETURN_TYPE = YES_ERROR;
				GCC_WARN_UNDECLARED_SELECTOR = YES;
				GCC_WARN_UNINITIALIZED_AUTOS = YES_AGGRESSIVE;
				GCC_WARN_UNUSED_FUNCTION = YES;
				GCC_WARN_UNUSED_VARIABLE = YES;
				IPHONEOS_DEPLOYMENT_TARGET = 12.2;
				MTL_ENABLE_DEBUG_INFO = INCLUDE_SOURCE;
				MTL_FAST_MATH = YES;
				ONLY_ACTIVE_ARCH = YES;
				SDKROOT = iphoneos;
				SWIFT_ACTIVE_COMPILATION_CONDITIONS = DEBUG;
				SWIFT_OPTIMIZATION_LEVEL = "-Onone";
			};
			name = Debug;
		};
		7AF677E722DAC30F00F3B699 /* Release */ = {
			isa = XCBuildConfiguration;
			buildSettings = {
				ALWAYS_SEARCH_USER_PATHS = NO;
				CLANG_ANALYZER_NONNULL = YES;
				CLANG_ANALYZER_NUMBER_OBJECT_CONVERSION = YES_AGGRESSIVE;
				CLANG_CXX_LANGUAGE_STANDARD = "gnu++14";
				CLANG_CXX_LIBRARY = "libc++";
				CLANG_ENABLE_MODULES = YES;
				CLANG_ENABLE_OBJC_ARC = YES;
				CLANG_ENABLE_OBJC_WEAK = YES;
				CLANG_WARN_BLOCK_CAPTURE_AUTORELEASING = YES;
				CLANG_WARN_BOOL_CONVERSION = YES;
				CLANG_WARN_COMMA = YES;
				CLANG_WARN_CONSTANT_CONVERSION = YES;
				CLANG_WARN_DEPRECATED_OBJC_IMPLEMENTATIONS = YES;
				CLANG_WARN_DIRECT_OBJC_ISA_USAGE = YES_ERROR;
				CLANG_WARN_DOCUMENTATION_COMMENTS = YES;
				CLANG_WARN_EMPTY_BODY = YES;
				CLANG_WARN_ENUM_CONVERSION = YES;
				CLANG_WARN_INFINITE_RECURSION = YES;
				CLANG_WARN_INT_CONVERSION = YES;
				CLANG_WARN_NON_LITERAL_NULL_CONVERSION = YES;
				CLANG_WARN_OBJC_IMPLICIT_RETAIN_SELF = YES;
				CLANG_WARN_OBJC_LITERAL_CONVERSION = YES;
				CLANG_WARN_OBJC_ROOT_CLASS = YES_ERROR;
				CLANG_WARN_RANGE_LOOP_ANALYSIS = YES;
				CLANG_WARN_STRICT_PROTOTYPES = YES;
				CLANG_WARN_SUSPICIOUS_MOVE = YES;
				CLANG_WARN_UNGUARDED_AVAILABILITY = YES_AGGRESSIVE;
				CLANG_WARN_UNREACHABLE_CODE = YES;
				CLANG_WARN__DUPLICATE_METHOD_MATCH = YES;
				CODE_SIGN_IDENTITY = "iPhone Developer";
				COPY_PHASE_STRIP = NO;
				DEBUG_INFORMATION_FORMAT = "dwarf-with-dsym";
				ENABLE_NS_ASSERTIONS = NO;
				ENABLE_STRICT_OBJC_MSGSEND = YES;
				GCC_C_LANGUAGE_STANDARD = gnu11;
				GCC_NO_COMMON_BLOCKS = YES;
				GCC_WARN_64_TO_32_BIT_CONVERSION = YES;
				GCC_WARN_ABOUT_RETURN_TYPE = YES_ERROR;
				GCC_WARN_UNDECLARED_SELECTOR = YES;
				GCC_WARN_UNINITIALIZED_AUTOS = YES_AGGRESSIVE;
				GCC_WARN_UNUSED_FUNCTION = YES;
				GCC_WARN_UNUSED_VARIABLE = YES;
				IPHONEOS_DEPLOYMENT_TARGET = 12.2;
				MTL_ENABLE_DEBUG_INFO = NO;
				MTL_FAST_MATH = YES;
				SDKROOT = iphoneos;
				SWIFT_COMPILATION_MODE = wholemodule;
				SWIFT_OPTIMIZATION_LEVEL = "-O";
				VALIDATE_PRODUCT = YES;
			};
			name = Release;
		};
		7AF677E922DAC30F00F3B699 /* Debug */ = {
			isa = XCBuildConfiguration;
			baseConfigurationReference = E7A0F6709AC9F82AA7912C14 /* Pods-BoardSample.debug.xcconfig */;
			buildSettings = {
				ASSETCATALOG_COMPILER_APPICON_NAME = AppIcon;
				CODE_SIGN_STYLE = Automatic;
				DEVELOPMENT_TEAM = 939YVKTKUP;
				INFOPLIST_FILE = BoardSample/Info.plist;
				IPHONEOS_DEPLOYMENT_TARGET = 11.0;
				LD_RUNPATH_SEARCH_PATHS = (
					"$(inherited)",
					"@executable_path/Frameworks",
				);
				PRODUCT_BUNDLE_IDENTIFIER = jp.co.ylab.BoardSample;
				PRODUCT_NAME = "$(TARGET_NAME)";
				SWIFT_VERSION = 5.0;
				TARGETED_DEVICE_FAMILY = "1,2";
			};
			name = Debug;
		};
		7AF677EA22DAC30F00F3B699 /* Release */ = {
			isa = XCBuildConfiguration;
			baseConfigurationReference = FAD450A319AA672FE024E207 /* Pods-BoardSample.release.xcconfig */;
			buildSettings = {
				ASSETCATALOG_COMPILER_APPICON_NAME = AppIcon;
				CODE_SIGN_STYLE = Automatic;
				DEVELOPMENT_TEAM = 939YVKTKUP;
				INFOPLIST_FILE = BoardSample/Info.plist;
				IPHONEOS_DEPLOYMENT_TARGET = 11.0;
				LD_RUNPATH_SEARCH_PATHS = (
					"$(inherited)",
					"@executable_path/Frameworks",
				);
				PRODUCT_BUNDLE_IDENTIFIER = jp.co.ylab.BoardSample;
				PRODUCT_NAME = "$(TARGET_NAME)";
				SWIFT_VERSION = 5.0;
				TARGETED_DEVICE_FAMILY = "1,2";
			};
			name = Release;
		};
/* End XCBuildConfiguration section */

/* Begin XCConfigurationList section */
		7AF677D122DAC30E00F3B699 /* Build configuration list for PBXProject "BoardSample" */ = {
			isa = XCConfigurationList;
			buildConfigurations = (
				7AF677E622DAC30F00F3B699 /* Debug */,
				7AF677E722DAC30F00F3B699 /* Release */,
			);
			defaultConfigurationIsVisible = 0;
			defaultConfigurationName = Release;
		};
		7AF677E822DAC30F00F3B699 /* Build configuration list for PBXNativeTarget "BoardSample" */ = {
			isa = XCConfigurationList;
			buildConfigurations = (
				7AF677E922DAC30F00F3B699 /* Debug */,
				7AF677EA22DAC30F00F3B699 /* Release */,
			);
			defaultConfigurationIsVisible = 0;
			defaultConfigurationName = Release;
		};
/* End XCConfigurationList section */
	};
	rootObject = 7AF677CE22DAC30E00F3B699 /* Project object */;
}
